// !$*UTF8*$!
{
	archiveVersion = 1;
	classes = {
	};
	objectVersion = 48;
	objects = {

/* Begin PBXBuildFile section */
		D28899579EE976474D52F8F8 /* Pods_breakpoint.framework in Frameworks */ = {isa = PBXBuildFile; fileRef = CC0B4520D0460A86DCC6A090 /* Pods_breakpoint.framework */; };
		F752EB572097AF1500E3E6DD /* AppDelegate.swift in Sources */ = {isa = PBXBuildFile; fileRef = F752EB562097AF1500E3E6DD /* AppDelegate.swift */; };
		F752EB592097AF1500E3E6DD /* FeedVC.swift in Sources */ = {isa = PBXBuildFile; fileRef = F752EB582097AF1500E3E6DD /* FeedVC.swift */; };
		F752EB5B2097AF1500E3E6DD /* GroupsVC.swift in Sources */ = {isa = PBXBuildFile; fileRef = F752EB5A2097AF1500E3E6DD /* GroupsVC.swift */; };
		F752EB5E2097AF1600E3E6DD /* Main.storyboard in Resources */ = {isa = PBXBuildFile; fileRef = F752EB5C2097AF1600E3E6DD /* Main.storyboard */; };
		F752EB602097AF1600E3E6DD /* Assets.xcassets in Resources */ = {isa = PBXBuildFile; fileRef = F752EB5F2097AF1600E3E6DD /* Assets.xcassets */; };
		F752EB632097AF1600E3E6DD /* LaunchScreen.storyboard in Resources */ = {isa = PBXBuildFile; fileRef = F752EB612097AF1600E3E6DD /* LaunchScreen.storyboard */; };
		F752EB702097B1B400E3E6DD /* GoogleService-Info.plist in Resources */ = {isa = PBXBuildFile; fileRef = F752EB6F2097B1B300E3E6DD /* GoogleService-Info.plist */; };
		F7BB1868209A6D1700B67D4D /* MeVC.swift in Sources */ = {isa = PBXBuildFile; fileRef = F7BB1867209A6D1700B67D4D /* MeVC.swift */; };
		F7BB186A209A73E700B67D4D /* CreatePostVC.swift in Sources */ = {isa = PBXBuildFile; fileRef = F7BB1869209A73E700B67D4D /* CreatePostVC.swift */; };
		F7DF4B502097BBF300EF9A16 /* DataService.swift in Sources */ = {isa = PBXBuildFile; fileRef = F7DF4B4F2097BBF300EF9A16 /* DataService.swift */; };
		F7F790B82098EFAE000A57A4 /* AuthVC.swift in Sources */ = {isa = PBXBuildFile; fileRef = F7F790B72098EFAE000A57A4 /* AuthVC.swift */; };
		F7F790BA2098EFF4000A57A4 /* LoginVC.swift in Sources */ = {isa = PBXBuildFile; fileRef = F7F790B92098EFF4000A57A4 /* LoginVC.swift */; };
		F7F790BC2098F04F000A57A4 /* InsetTextField.swift in Sources */ = {isa = PBXBuildFile; fileRef = F7F790BB2098F04F000A57A4 /* InsetTextField.swift */; };
		F7F790BE2098F4DE000A57A4 /* ShadowView.swift in Sources */ = {isa = PBXBuildFile; fileRef = F7F790BD2098F4DE000A57A4 /* ShadowView.swift */; };
		F7F790C02098F88F000A57A4 /* AuthService.swift in Sources */ = {isa = PBXBuildFile; fileRef = F7F790BF2098F88F000A57A4 /* AuthService.swift */; };
/* End PBXBuildFile section */

/* Begin PBXFileReference section */
		0BAE2B05E7C50BA99C6B79E4 /* Pods-breakpoint.debug.xcconfig */ = {isa = PBXFileReference; includeInIndex = 1; lastKnownFileType = text.xcconfig; name = "Pods-breakpoint.debug.xcconfig"; path = "Pods/Target Support Files/Pods-breakpoint/Pods-breakpoint.debug.xcconfig"; sourceTree = "<group>"; };
		75BBDDD0F8858448AE860D2A /* Pods-breakpoint.release.xcconfig */ = {isa = PBXFileReference; includeInIndex = 1; lastKnownFileType = text.xcconfig; name = "Pods-breakpoint.release.xcconfig"; path = "Pods/Target Support Files/Pods-breakpoint/Pods-breakpoint.release.xcconfig"; sourceTree = "<group>"; };
		CC0B4520D0460A86DCC6A090 /* Pods_breakpoint.framework */ = {isa = PBXFileReference; explicitFileType = wrapper.framework; includeInIndex = 0; path = Pods_breakpoint.framework; sourceTree = BUILT_PRODUCTS_DIR; };
		F752EB532097AF1500E3E6DD /* breakpoint.app */ = {isa = PBXFileReference; explicitFileType = wrapper.application; includeInIndex = 0; path = breakpoint.app; sourceTree = BUILT_PRODUCTS_DIR; };
		F752EB562097AF1500E3E6DD /* AppDelegate.swift */ = {isa = PBXFileReference; lastKnownFileType = sourcecode.swift; path = AppDelegate.swift; sourceTree = "<group>"; };
		F752EB582097AF1500E3E6DD /* FeedVC.swift */ = {isa = PBXFileReference; lastKnownFileType = sourcecode.swift; path = FeedVC.swift; sourceTree = "<group>"; };
		F752EB5A2097AF1500E3E6DD /* GroupsVC.swift */ = {isa = PBXFileReference; lastKnownFileType = sourcecode.swift; path = GroupsVC.swift; sourceTree = "<group>"; };
		F752EB5D2097AF1600E3E6DD /* Base */ = {isa = PBXFileReference; lastKnownFileType = file.storyboard; name = Base; path = Base.lproj/Main.storyboard; sourceTree = "<group>"; };
		F752EB5F2097AF1600E3E6DD /* Assets.xcassets */ = {isa = PBXFileReference; lastKnownFileType = folder.assetcatalog; path = Assets.xcassets; sourceTree = "<group>"; };
		F752EB622097AF1600E3E6DD /* Base */ = {isa = PBXFileReference; lastKnownFileType = file.storyboard; name = Base; path = Base.lproj/LaunchScreen.storyboard; sourceTree = "<group>"; };
		F752EB642097AF1600E3E6DD /* Info.plist */ = {isa = PBXFileReference; lastKnownFileType = text.plist.xml; path = Info.plist; sourceTree = "<group>"; };
		F752EB6F2097B1B300E3E6DD /* GoogleService-Info.plist */ = {isa = PBXFileReference; fileEncoding = 4; lastKnownFileType = text.plist.xml; path = "GoogleService-Info.plist"; sourceTree = "<group>"; };
		F7BB1867209A6D1700B67D4D /* MeVC.swift */ = {isa = PBXFileReference; lastKnownFileType = sourcecode.swift; path = MeVC.swift; sourceTree = "<group>"; };
		F7BB1869209A73E700B67D4D /* CreatePostVC.swift */ = {isa = PBXFileReference; lastKnownFileType = sourcecode.swift; path = CreatePostVC.swift; sourceTree = "<group>"; };
		F7DF4B4F2097BBF300EF9A16 /* DataService.swift */ = {isa = PBXFileReference; lastKnownFileType = sourcecode.swift; path = DataService.swift; sourceTree = "<group>"; };
		F7F790B72098EFAE000A57A4 /* AuthVC.swift */ = {isa = PBXFileReference; lastKnownFileType = sourcecode.swift; path = AuthVC.swift; sourceTree = "<group>"; };
		F7F790B92098EFF4000A57A4 /* LoginVC.swift */ = {isa = PBXFileReference; lastKnownFileType = sourcecode.swift; path = LoginVC.swift; sourceTree = "<group>"; };
		F7F790BB2098F04F000A57A4 /* InsetTextField.swift */ = {isa = PBXFileReference; lastKnownFileType = sourcecode.swift; path = InsetTextField.swift; sourceTree = "<group>"; };
		F7F790BD2098F4DE000A57A4 /* ShadowView.swift */ = {isa = PBXFileReference; lastKnownFileType = sourcecode.swift; path = ShadowView.swift; sourceTree = "<group>"; };
		F7F790BF2098F88F000A57A4 /* AuthService.swift */ = {isa = PBXFileReference; lastKnownFileType = sourcecode.swift; path = AuthService.swift; sourceTree = "<group>"; };
/* End PBXFileReference section */

/* Begin PBXFrameworksBuildPhase section */
		F752EB502097AF1500E3E6DD /* Frameworks */ = {
			isa = PBXFrameworksBuildPhase;
			buildActionMask = 2147483647;
			files = (
				D28899579EE976474D52F8F8 /* Pods_breakpoint.framework in Frameworks */,
			);
			runOnlyForDeploymentPostprocessing = 0;
		};
/* End PBXFrameworksBuildPhase section */

/* Begin PBXGroup section */
		6624FFF1B943069B7CF37C24 /* Frameworks */ = {
			isa = PBXGroup;
			children = (
				CC0B4520D0460A86DCC6A090 /* Pods_breakpoint.framework */,
			);
			name = Frameworks;
			sourceTree = "<group>";
		};
		C33960778E6107D87505FEB5 /* Pods */ = {
			isa = PBXGroup;
			children = (
				0BAE2B05E7C50BA99C6B79E4 /* Pods-breakpoint.debug.xcconfig */,
				75BBDDD0F8858448AE860D2A /* Pods-breakpoint.release.xcconfig */,
			);
			name = Pods;
			sourceTree = "<group>";
		};
		F752EB4A2097AF1500E3E6DD = {
			isa = PBXGroup;
			children = (
				F752EB552097AF1500E3E6DD /* breakpoint */,
				F752EB542097AF1500E3E6DD /* Products */,
				C33960778E6107D87505FEB5 /* Pods */,
				6624FFF1B943069B7CF37C24 /* Frameworks */,
			);
			sourceTree = "<group>";
		};
		F752EB542097AF1500E3E6DD /* Products */ = {
			isa = PBXGroup;
			children = (
				F752EB532097AF1500E3E6DD /* breakpoint.app */,
			);
			name = Products;
			sourceTree = "<group>";
		};
		F752EB552097AF1500E3E6DD /* breakpoint */ = {
			isa = PBXGroup;
			children = (
				F752EB6E2097B01500E3E6DD /* Services */,
				F752EB6D2097AFF000E3E6DD /* Extensions */,
				F752EB6C2097AFD800E3E6DD /* Model */,
				F752EB6B2097AFCD00E3E6DD /* View */,
				F752EB6A2097AFB700E3E6DD /* Controller */,
				F752EB562097AF1500E3E6DD /* AppDelegate.swift */,
				F752EB5C2097AF1600E3E6DD /* Main.storyboard */,
				F752EB5F2097AF1600E3E6DD /* Assets.xcassets */,
				F752EB612097AF1600E3E6DD /* LaunchScreen.storyboard */,
				F752EB642097AF1600E3E6DD /* Info.plist */,
				F752EB6F2097B1B300E3E6DD /* GoogleService-Info.plist */,
			);
			path = breakpoint;
			sourceTree = "<group>";
		};
		F752EB6A2097AFB700E3E6DD /* Controller */ = {
			isa = PBXGroup;
			children = (
				F752EB582097AF1500E3E6DD /* FeedVC.swift */,
				F752EB5A2097AF1500E3E6DD /* GroupsVC.swift */,
				F7F790B72098EFAE000A57A4 /* AuthVC.swift */,
				F7F790B92098EFF4000A57A4 /* LoginVC.swift */,
				F7BB1867209A6D1700B67D4D /* MeVC.swift */,
				F7BB1869209A73E700B67D4D /* CreatePostVC.swift */,
			);
			path = Controller;
			sourceTree = "<group>";
		};
		F752EB6B2097AFCD00E3E6DD /* View */ = {
			isa = PBXGroup;
			children = (
				F7F790BB2098F04F000A57A4 /* InsetTextField.swift */,
				F7F790BD2098F4DE000A57A4 /* ShadowView.swift */,
			);
			path = View;
			sourceTree = "<group>";
		};
		F752EB6C2097AFD800E3E6DD /* Model */ = {
			isa = PBXGroup;
			children = (
			);
			path = Model;
			sourceTree = "<group>";
		};
		F752EB6D2097AFF000E3E6DD /* Extensions */ = {
			isa = PBXGroup;
			children = (
			);
			path = Extensions;
			sourceTree = "<group>";
		};
		F752EB6E2097B01500E3E6DD /* Services */ = {
			isa = PBXGroup;
			children = (
				F7DF4B4F2097BBF300EF9A16 /* DataService.swift */,
				F7F790BF2098F88F000A57A4 /* AuthService.swift */,
			);
			path = Services;
			sourceTree = "<group>";
		};
/* End PBXGroup section */

/* Begin PBXNativeTarget section */
		F752EB522097AF1500E3E6DD /* breakpoint */ = {
			isa = PBXNativeTarget;
			buildConfigurationList = F752EB672097AF1600E3E6DD /* Build configuration list for PBXNativeTarget "breakpoint" */;
			buildPhases = (
				82F8838C9E6BA148257E3402 /* [CP] Check Pods Manifest.lock */,
				F752EB4F2097AF1500E3E6DD /* Sources */,
				F752EB502097AF1500E3E6DD /* Frameworks */,
				F752EB512097AF1500E3E6DD /* Resources */,
				B009067610F34C51235A707A /* [CP] Embed Pods Frameworks */,
				B56E4279A96754AD43CB900C /* [CP] Copy Pods Resources */,
			);
			buildRules = (
			);
			dependencies = (
			);
			name = breakpoint;
			productName = breakpoint;
			productReference = F752EB532097AF1500E3E6DD /* breakpoint.app */;
			productType = "com.apple.product-type.application";
		};
/* End PBXNativeTarget section */

/* Begin PBXProject section */
		F752EB4B2097AF1500E3E6DD /* Project object */ = {
			isa = PBXProject;
			attributes = {
				LastSwiftUpdateCheck = 0920;
				LastUpgradeCheck = 0920;
				ORGANIZATIONNAME = "Landon Carr";
				TargetAttributes = {
					F752EB522097AF1500E3E6DD = {
						CreatedOnToolsVersion = 9.2;
						ProvisioningStyle = Automatic;
					};
				};
			};
			buildConfigurationList = F752EB4E2097AF1500E3E6DD /* Build configuration list for PBXProject "breakpoint" */;
			compatibilityVersion = "Xcode 8.0";
			developmentRegion = en;
			hasScannedForEncodings = 0;
			knownRegions = (
				en,
				Base,
			);
			mainGroup = F752EB4A2097AF1500E3E6DD;
			productRefGroup = F752EB542097AF1500E3E6DD /* Products */;
			projectDirPath = "";
			projectRoot = "";
			targets = (
				F752EB522097AF1500E3E6DD /* breakpoint */,
			);
		};
/* End PBXProject section */

/* Begin PBXResourcesBuildPhase section */
		F752EB512097AF1500E3E6DD /* Resources */ = {
			isa = PBXResourcesBuildPhase;
			buildActionMask = 2147483647;
			files = (
				F752EB632097AF1600E3E6DD /* LaunchScreen.storyboard in Resources */,
				F752EB702097B1B400E3E6DD /* GoogleService-Info.plist in Resources */,
				F752EB602097AF1600E3E6DD /* Assets.xcassets in Resources */,
				F752EB5E2097AF1600E3E6DD /* Main.storyboard in Resources */,
			);
			runOnlyForDeploymentPostprocessing = 0;
		};
/* End PBXResourcesBuildPhase section */

/* Begin PBXShellScriptBuildPhase section */
		82F8838C9E6BA148257E3402 /* [CP] Check Pods Manifest.lock */ = {
			isa = PBXShellScriptBuildPhase;
			buildActionMask = 2147483647;
			files = (
			);
			inputPaths = (
				"${PODS_PODFILE_DIR_PATH}/Podfile.lock",
				"${PODS_ROOT}/Manifest.lock",
			);
			name = "[CP] Check Pods Manifest.lock";
			outputPaths = (
				"$(DERIVED_FILE_DIR)/Pods-breakpoint-checkManifestLockResult.txt",
			);
			runOnlyForDeploymentPostprocessing = 0;
			shellPath = /bin/sh;
			shellScript = "diff \"${PODS_PODFILE_DIR_PATH}/Podfile.lock\" \"${PODS_ROOT}/Manifest.lock\" > /dev/null\nif [ $? != 0 ] ; then\n    # print error to STDERR\n    echo \"error: The sandbox is not in sync with the Podfile.lock. Run 'pod install' or update your CocoaPods installation.\" >&2\n    exit 1\nfi\n# This output is used by Xcode 'outputs' to avoid re-running this script phase.\necho \"SUCCESS\" > \"${SCRIPT_OUTPUT_FILE_0}\"\n";
			showEnvVarsInLog = 0;
		};
		B009067610F34C51235A707A /* [CP] Embed Pods Frameworks */ = {
			isa = PBXShellScriptBuildPhase;
			buildActionMask = 2147483647;
			files = (
			);
			inputPaths = (
				"${SRCROOT}/Pods/Target Support Files/Pods-breakpoint/Pods-breakpoint-frameworks.sh",
				"${BUILT_PRODUCTS_DIR}/GTMSessionFetcher/GTMSessionFetcher.framework",
				"${BUILT_PRODUCTS_DIR}/GoogleToolboxForMac/GoogleToolboxForMac.framework",
				"${BUILT_PRODUCTS_DIR}/leveldb-library/leveldb.framework",
				"${BUILT_PRODUCTS_DIR}/nanopb/nanopb.framework",
			);
			name = "[CP] Embed Pods Frameworks";
			outputPaths = (
				"${TARGET_BUILD_DIR}/${FRAMEWORKS_FOLDER_PATH}/GTMSessionFetcher.framework",
				"${TARGET_BUILD_DIR}/${FRAMEWORKS_FOLDER_PATH}/GoogleToolboxForMac.framework",
				"${TARGET_BUILD_DIR}/${FRAMEWORKS_FOLDER_PATH}/leveldb.framework",
				"${TARGET_BUILD_DIR}/${FRAMEWORKS_FOLDER_PATH}/nanopb.framework",
			);
			runOnlyForDeploymentPostprocessing = 0;
			shellPath = /bin/sh;
			shellScript = "\"${SRCROOT}/Pods/Target Support Files/Pods-breakpoint/Pods-breakpoint-frameworks.sh\"\n";
			showEnvVarsInLog = 0;
		};
		B56E4279A96754AD43CB900C /* [CP] Copy Pods Resources */ = {
			isa = PBXShellScriptBuildPhase;
			buildActionMask = 2147483647;
			files = (
			);
			inputPaths = (
			);
			name = "[CP] Copy Pods Resources";
			outputPaths = (
			);
			runOnlyForDeploymentPostprocessing = 0;
			shellPath = /bin/sh;
			shellScript = "\"${SRCROOT}/Pods/Target Support Files/Pods-breakpoint/Pods-breakpoint-resources.sh\"\n";
			showEnvVarsInLog = 0;
		};
/* End PBXShellScriptBuildPhase section */

/* Begin PBXSourcesBuildPhase section */
		F752EB4F2097AF1500E3E6DD /* Sources */ = {
			isa = PBXSourcesBuildPhase;
			buildActionMask = 2147483647;
			files = (
				F7BB1868209A6D1700B67D4D /* MeVC.swift in Sources */,
				F7F790B82098EFAE000A57A4 /* AuthVC.swift in Sources */,
				F752EB5B2097AF1500E3E6DD /* GroupsVC.swift in Sources */,
				F7F790BA2098EFF4000A57A4 /* LoginVC.swift in Sources */,
				F7F790C02098F88F000A57A4 /* AuthService.swift in Sources */,
				F752EB572097AF1500E3E6DD /* AppDelegate.swift in Sources */,
				F7F790BE2098F4DE000A57A4 /* ShadowView.swift in Sources */,
				F7BB186A209A73E700B67D4D /* CreatePostVC.swift in Sources */,
				F752EB592097AF1500E3E6DD /* FeedVC.swift in Sources */,
				F7F790BC2098F04F000A57A4 /* InsetTextField.swift in Sources */,
				F7DF4B502097BBF300EF9A16 /* DataService.swift in Sources */,
			);
			runOnlyForDeploymentPostprocessing = 0;
		};
/* End PBXSourcesBuildPhase section */

/* Begin PBXVariantGroup section */
		F752EB5C2097AF1600E3E6DD /* Main.storyboard */ = {
			isa = PBXVariantGroup;
			children = (
				F752EB5D2097AF1600E3E6DD /* Base */,
			);
			name = Main.storyboard;
			sourceTree = "<group>";
		};
		F752EB612097AF1600E3E6DD /* LaunchScreen.storyboard */ = {
			isa = PBXVariantGroup;
			children = (
				F752EB622097AF1600E3E6DD /* Base */,
			);
			name = LaunchScreen.storyboard;
			sourceTree = "<group>";
		};
/* End PBXVariantGroup section */

/* Begin XCBuildConfiguration section */
		F752EB652097AF1600E3E6DD /* Debug */ = {
			isa = XCBuildConfiguration;
			buildSettings = {
				ALWAYS_SEARCH_USER_PATHS = NO;
				CLANG_ANALYZER_NONNULL = YES;
				CLANG_ANALYZER_NUMBER_OBJECT_CONVERSION = YES_AGGRESSIVE;
				CLANG_CXX_LANGUAGE_STANDARD = "gnu++14";
				CLANG_CXX_LIBRARY = "libc++";
				CLANG_ENABLE_MODULES = YES;
				CLANG_ENABLE_OBJC_ARC = YES;
				CLANG_WARN_BLOCK_CAPTURE_AUTORELEASING = YES;
				CLANG_WARN_BOOL_CONVERSION = YES;
				CLANG_WARN_COMMA = YES;
				CLANG_WARN_CONSTANT_CONVERSION = YES;
				CLANG_WARN_DIRECT_OBJC_ISA_USAGE = YES_ERROR;
				CLANG_WARN_DOCUMENTATION_COMMENTS = YES;
				CLANG_WARN_EMPTY_BODY = YES;
				CLANG_WARN_ENUM_CONVERSION = YES;
				CLANG_WARN_INFINITE_RECURSION = YES;
				CLANG_WARN_INT_CONVERSION = YES;
				CLANG_WARN_NON_LITERAL_NULL_CONVERSION = YES;
				CLANG_WARN_OBJC_LITERAL_CONVERSION = YES;
				CLANG_WARN_OBJC_ROOT_CLASS = YES_ERROR;
				CLANG_WARN_RANGE_LOOP_ANALYSIS = YES;
				CLANG_WARN_STRICT_PROTOTYPES = YES;
				CLANG_WARN_SUSPICIOUS_MOVE = YES;
				CLANG_WARN_UNGUARDED_AVAILABILITY = YES_AGGRESSIVE;
				CLANG_WARN_UNREACHABLE_CODE = YES;
				CLANG_WARN__DUPLICATE_METHOD_MATCH = YES;
				CODE_SIGN_IDENTITY = "iPhone Developer";
				COPY_PHASE_STRIP = NO;
				DEBUG_INFORMATION_FORMAT = dwarf;
				ENABLE_STRICT_OBJC_MSGSEND = YES;
				ENABLE_TESTABILITY = YES;
				GCC_C_LANGUAGE_STANDARD = gnu11;
				GCC_DYNAMIC_NO_PIC = NO;
				GCC_NO_COMMON_BLOCKS = YES;
				GCC_OPTIMIZATION_LEVEL = 0;
				GCC_PREPROCESSOR_DEFINITIONS = (
					"DEBUG=1",
					"$(inherited)",
				);
				GCC_WARN_64_TO_32_BIT_CONVERSION = YES;
				GCC_WARN_ABOUT_RETURN_TYPE = YES_ERROR;
				GCC_WARN_UNDECLARED_SELECTOR = YES;
				GCC_WARN_UNINITIALIZED_AUTOS = YES_AGGRESSIVE;
				GCC_WARN_UNUSED_FUNCTION = YES;
				GCC_WARN_UNUSED_VARIABLE = YES;
				IPHONEOS_DEPLOYMENT_TARGET = 11.2;
				MTL_ENABLE_DEBUG_INFO = YES;
				ONLY_ACTIVE_ARCH = YES;
				SDKROOT = iphoneos;
				SWIFT_ACTIVE_COMPILATION_CONDITIONS = DEBUG;
				SWIFT_OPTIMIZATION_LEVEL = "-Onone";
			};
			name = Debug;
		};
		F752EB662097AF1600E3E6DD /* Release */ = {
			isa = XCBuildConfiguration;
			buildSettings = {
				ALWAYS_SEARCH_USER_PATHS = NO;
				CLANG_ANALYZER_NONNULL = YES;
				CLANG_ANALYZER_NUMBER_OBJECT_CONVERSION = YES_AGGRESSIVE;
				CLANG_CXX_LANGUAGE_STANDARD = "gnu++14";
				CLANG_CXX_LIBRARY = "libc++";
				CLANG_ENABLE_MODULES = YES;
				CLANG_ENABLE_OBJC_ARC = YES;
				CLANG_WARN_BLOCK_CAPTURE_AUTORELEASING = YES;
				CLANG_WARN_BOOL_CONVERSION = YES;
				CLANG_WARN_COMMA = YES;
				CLANG_WARN_CONSTANT_CONVERSION = YES;
				CLANG_WARN_DIRECT_OBJC_ISA_USAGE = YES_ERROR;
				CLANG_WARN_DOCUMENTATION_COMMENTS = YES;
				CLANG_WARN_EMPTY_BODY = YES;
				CLANG_WARN_ENUM_CONVERSION = YES;
				CLANG_WARN_INFINITE_RECURSION = YES;
				CLANG_WARN_INT_CONVERSION = YES;
				CLANG_WARN_NON_LITERAL_NULL_CONVERSION = YES;
				CLANG_WARN_OBJC_LITERAL_CONVERSION = YES;
				CLANG_WARN_OBJC_ROOT_CLASS = YES_ERROR;
				CLANG_WARN_RANGE_LOOP_ANALYSIS = YES;
				CLANG_WARN_STRICT_PROTOTYPES = YES;
				CLANG_WARN_SUSPICIOUS_MOVE = YES;
				CLANG_WARN_UNGUARDED_AVAILABILITY = YES_AGGRESSIVE;
				CLANG_WARN_UNREACHABLE_CODE = YES;
				CLANG_WARN__DUPLICATE_METHOD_MATCH = YES;
				CODE_SIGN_IDENTITY = "iPhone Developer";
				COPY_PHASE_STRIP = NO;
				DEBUG_INFORMATION_FORMAT = "dwarf-with-dsym";
				ENABLE_NS_ASSERTIONS = NO;
				ENABLE_STRICT_OBJC_MSGSEND = YES;
				GCC_C_LANGUAGE_STANDARD = gnu11;
				GCC_NO_COMMON_BLOCKS = YES;
				GCC_WARN_64_TO_32_BIT_CONVERSION = YES;
				GCC_WARN_ABOUT_RETURN_TYPE = YES_ERROR;
				GCC_WARN_UNDECLARED_SELECTOR = YES;
				GCC_WARN_UNINITIALIZED_AUTOS = YES_AGGRESSIVE;
				GCC_WARN_UNUSED_FUNCTION = YES;
				GCC_WARN_UNUSED_VARIABLE = YES;
				IPHONEOS_DEPLOYMENT_TARGET = 11.2;
				MTL_ENABLE_DEBUG_INFO = NO;
				SDKROOT = iphoneos;
				SWIFT_OPTIMIZATION_LEVEL = "-Owholemodule";
				VALIDATE_PRODUCT = YES;
			};
			name = Release;
		};
		F752EB682097AF1600E3E6DD /* Debug */ = {
			isa = XCBuildConfiguration;
			baseConfigurationReference = 0BAE2B05E7C50BA99C6B79E4 /* Pods-breakpoint.debug.xcconfig */;
			buildSettings = {
				ASSETCATALOG_COMPILER_APPICON_NAME = AppIcon;
				CODE_SIGN_STYLE = Automatic;
				DEVELOPMENT_TEAM = 57X625CSH7;
				INFOPLIST_FILE = breakpoint/Info.plist;
				LD_RUNPATH_SEARCH_PATHS = "$(inherited) @executable_path/Frameworks";
				PRODUCT_BUNDLE_IDENTIFIER = development.breakpoint;
				PRODUCT_NAME = "$(TARGET_NAME)";
				SWIFT_VERSION = 4.0;
				TARGETED_DEVICE_FAMILY = "1,2";
			};
			name = Debug;
		};
		F752EB692097AF1600E3E6DD /* Release */ = {
			isa = XCBuildConfiguration;
			baseConfigurationReference = 75BBDDD0F8858448AE860D2A /* Pods-breakpoint.release.xcconfig */;
			buildSettings = {
				ASSETCATALOG_COMPILER_APPICON_NAME = AppIcon;
				CODE_SIGN_STYLE = Automatic;
				DEVELOPMENT_TEAM = 57X625CSH7;
				INFOPLIST_FILE = breakpoint/Info.plist;
				LD_RUNPATH_SEARCH_PATHS = "$(inherited) @executable_path/Frameworks";
				PRODUCT_BUNDLE_IDENTIFIER = development.breakpoint;
				PRODUCT_NAME = "$(TARGET_NAME)";
				SWIFT_VERSION = 4.0;
				TARGETED_DEVICE_FAMILY = "1,2";
			};
			name = Release;
		};
/* End XCBuildConfiguration section */

/* Begin XCConfigurationList section */
		F752EB4E2097AF1500E3E6DD /* Build configuration list for PBXProject "breakpoint" */ = {
			isa = XCConfigurationList;
			buildConfigurations = (
				F752EB652097AF1600E3E6DD /* Debug */,
				F752EB662097AF1600E3E6DD /* Release */,
			);
			defaultConfigurationIsVisible = 0;
			defaultConfigurationName = Release;
		};
		F752EB672097AF1600E3E6DD /* Build configuration list for PBXNativeTarget "breakpoint" */ = {
			isa = XCConfigurationList;
			buildConfigurations = (
				F752EB682097AF1600E3E6DD /* Debug */,
				F752EB692097AF1600E3E6DD /* Release */,
			);
			defaultConfigurationIsVisible = 0;
			defaultConfigurationName = Release;
		};
/* End XCConfigurationList section */
	};
	rootObject = F752EB4B2097AF1500E3E6DD /* Project object */;
}
